// !$*UTF8*$!
{
	archiveVersion = 1;
	classes = {
	};
	objectVersion = 50;
	objects = {

/* Begin PBXBuildFile section */
		22342E1720ECCAAE00CA7F24 /* AppDelegate.m in Sources */ = {isa = PBXBuildFile; fileRef = 22342E1620ECCAAE00CA7F24 /* AppDelegate.m */; };
		22342E1A20ECCAAE00CA7F24 /* ViewController.m in Sources */ = {isa = PBXBuildFile; fileRef = 22342E1920ECCAAE00CA7F24 /* ViewController.m */; };
		22342E1D20ECCAAE00CA7F24 /* Main.storyboard in Resources */ = {isa = PBXBuildFile; fileRef = 22342E1B20ECCAAE00CA7F24 /* Main.storyboard */; };
		22342E1F20ECCAB200CA7F24 /* Assets.xcassets in Resources */ = {isa = PBXBuildFile; fileRef = 22342E1E20ECCAB200CA7F24 /* Assets.xcassets */; };
		22342E2220ECCAB200CA7F24 /* LaunchScreen.storyboard in Resources */ = {isa = PBXBuildFile; fileRef = 22342E2020ECCAB200CA7F24 /* LaunchScreen.storyboard */; };
		22342E2520ECCAB200CA7F24 /* main.m in Sources */ = {isa = PBXBuildFile; fileRef = 22342E2420ECCAB200CA7F24 /* main.m */; };
		22342E2F20ECCAB300CA7F24 /* FBProgressHUDTests.m in Sources */ = {isa = PBXBuildFile; fileRef = 22342E2E20ECCAB300CA7F24 /* FBProgressHUDTests.m */; };
		22342E3A20ECCAB300CA7F24 /* FBProgressHUDUITests.m in Sources */ = {isa = PBXBuildFile; fileRef = 22342E3920ECCAB300CA7F24 /* FBProgressHUDUITests.m */; };
		22342E4920ECCAD300CA7F24 /* FBProgressHUD.m in Sources */ = {isa = PBXBuildFile; fileRef = 22342E4820ECCAD300CA7F24 /* FBProgressHUD.m */; };
/* End PBXBuildFile section */

/* Begin PBXContainerItemProxy section */
		22342E2B20ECCAB300CA7F24 /* PBXContainerItemProxy */ = {
			isa = PBXContainerItemProxy;
			containerPortal = 22342E0A20ECCAAE00CA7F24 /* Project object */;
			proxyType = 1;
			remoteGlobalIDString = 22342E1120ECCAAE00CA7F24;
			remoteInfo = FBProgressHUD;
		};
		22342E3620ECCAB300CA7F24 /* PBXContainerItemProxy */ = {
			isa = PBXContainerItemProxy;
			containerPortal = 22342E0A20ECCAAE00CA7F24 /* Project object */;
			proxyType = 1;
			remoteGlobalIDString = 22342E1120ECCAAE00CA7F24;
			remoteInfo = FBProgressHUD;
		};
/* End PBXContainerItemProxy section */

/* Begin PBXFileReference section */
		22342E1220ECCAAE00CA7F24 /* FBProgressHUD.app */ = {isa = PBXFileReference; explicitFileType = wrapper.application; includeInIndex = 0; path = FBProgressHUD.app; sourceTree = BUILT_PRODUCTS_DIR; };
		22342E1520ECCAAE00CA7F24 /* AppDelegate.h */ = {isa = PBXFileReference; lastKnownFileType = sourcecode.c.h; path = AppDelegate.h; sourceTree = "<group>"; };
		22342E1620ECCAAE00CA7F24 /* AppDelegate.m */ = {isa = PBXFileReference; lastKnownFileType = sourcecode.c.objc; path = AppDelegate.m; sourceTree = "<group>"; };
		22342E1820ECCAAE00CA7F24 /* ViewController.h */ = {isa = PBXFileReference; lastKnownFileType = sourcecode.c.h; path = ViewController.h; sourceTree = "<group>"; };
		22342E1920ECCAAE00CA7F24 /* ViewController.m */ = {isa = PBXFileReference; lastKnownFileType = sourcecode.c.objc; path = ViewController.m; sourceTree = "<group>"; };
		22342E1C20ECCAAE00CA7F24 /* Base */ = {isa = PBXFileReference; lastKnownFileType = file.storyboard; name = Base; path = Base.lproj/Main.storyboard; sourceTree = "<group>"; };
		22342E1E20ECCAB200CA7F24 /* Assets.xcassets */ = {isa = PBXFileReference; lastKnownFileType = folder.assetcatalog; path = Assets.xcassets; sourceTree = "<group>"; };
		22342E2120ECCAB200CA7F24 /* Base */ = {isa = PBXFileReference; lastKnownFileType = file.storyboard; name = Base; path = Base.lproj/LaunchScreen.storyboard; sourceTree = "<group>"; };
		22342E2320ECCAB200CA7F24 /* Info.plist */ = {isa = PBXFileReference; lastKnownFileType = text.plist.xml; path = Info.plist; sourceTree = "<group>"; };
		22342E2420ECCAB200CA7F24 /* main.m */ = {isa = PBXFileReference; lastKnownFileType = sourcecode.c.objc; path = main.m; sourceTree = "<group>"; };
		22342E2A20ECCAB300CA7F24 /* FBProgressHUDTests.xctest */ = {isa = PBXFileReference; explicitFileType = wrapper.cfbundle; includeInIndex = 0; path = FBProgressHUDTests.xctest; sourceTree = BUILT_PRODUCTS_DIR; };
		22342E2E20ECCAB300CA7F24 /* FBProgressHUDTests.m */ = {isa = PBXFileReference; lastKnownFileType = sourcecode.c.objc; path = FBProgressHUDTests.m; sourceTree = "<group>"; };
		22342E3020ECCAB300CA7F24 /* Info.plist */ = {isa = PBXFileReference; lastKnownFileType = text.plist.xml; path = Info.plist; sourceTree = "<group>"; };
		22342E3520ECCAB300CA7F24 /* FBProgressHUDUITests.xctest */ = {isa = PBXFileReference; explicitFileType = wrapper.cfbundle; includeInIndex = 0; path = FBProgressHUDUITests.xctest; sourceTree = BUILT_PRODUCTS_DIR; };
		22342E3920ECCAB300CA7F24 /* FBProgressHUDUITests.m */ = {isa = PBXFileReference; lastKnownFileType = sourcecode.c.objc; path = FBProgressHUDUITests.m; sourceTree = "<group>"; };
		22342E3B20ECCAB300CA7F24 /* Info.plist */ = {isa = PBXFileReference; lastKnownFileType = text.plist.xml; path = Info.plist; sourceTree = "<group>"; };
		22342E4720ECCAD300CA7F24 /* FBProgressHUD.h */ = {isa = PBXFileReference; lastKnownFileType = sourcecode.c.h; path = FBProgressHUD.h; sourceTree = "<group>"; };
		22342E4820ECCAD300CA7F24 /* FBProgressHUD.m */ = {isa = PBXFileReference; lastKnownFileType = sourcecode.c.objc; path = FBProgressHUD.m; sourceTree = "<group>"; };
/* End PBXFileReference section */

/* Begin PBXFrameworksBuildPhase section */
		22342E0F20ECCAAE00CA7F24 /* Frameworks */ = {
			isa = PBXFrameworksBuildPhase;
			buildActionMask = 2147483647;
			files = (
			);
			runOnlyForDeploymentPostprocessing = 0;
		};
		22342E2720ECCAB300CA7F24 /* Frameworks */ = {
			isa = PBXFrameworksBuildPhase;
			buildActionMask = 2147483647;
			files = (
			);
			runOnlyForDeploymentPostprocessing = 0;
		};
		22342E3220ECCAB300CA7F24 /* Frameworks */ = {
			isa = PBXFrameworksBuildPhase;
			buildActionMask = 2147483647;
			files = (
			);
			runOnlyForDeploymentPostprocessing = 0;
		};
/* End PBXFrameworksBuildPhase section */

/* Begin PBXGroup section */
		22342E0920ECCAAE00CA7F24 = {
			isa = PBXGroup;
			children = (
				22342E1420ECCAAE00CA7F24 /* FBProgressHUD */,
				22342E2D20ECCAB300CA7F24 /* FBProgressHUDTests */,
				22342E3820ECCAB300CA7F24 /* FBProgressHUDUITests */,
				22342E1320ECCAAE00CA7F24 /* Products */,
			);
			sourceTree = "<group>";
		};
		22342E1320ECCAAE00CA7F24 /* Products */ = {
			isa = PBXGroup;
			children = (
				22342E1220ECCAAE00CA7F24 /* FBProgressHUD.app */,
				22342E2A20ECCAB300CA7F24 /* FBProgressHUDTests.xctest */,
				22342E3520ECCAB300CA7F24 /* FBProgressHUDUITests.xctest */,
			);
			name = Products;
			sourceTree = "<group>";
		};
		22342E1420ECCAAE00CA7F24 /* FBProgressHUD */ = {
			isa = PBXGroup;
			children = (
				22342E4720ECCAD300CA7F24 /* FBProgressHUD.h */,
				22342E4820ECCAD300CA7F24 /* FBProgressHUD.m */,
				22342E1520ECCAAE00CA7F24 /* AppDelegate.h */,
				22342E1620ECCAAE00CA7F24 /* AppDelegate.m */,
				22342E1820ECCAAE00CA7F24 /* ViewController.h */,
				22342E1920ECCAAE00CA7F24 /* ViewController.m */,
				22342E1B20ECCAAE00CA7F24 /* Main.storyboard */,
				22342E1E20ECCAB200CA7F24 /* Assets.xcassets */,
				22342E2020ECCAB200CA7F24 /* LaunchScreen.storyboard */,
				22342E2320ECCAB200CA7F24 /* Info.plist */,
				22342E2420ECCAB200CA7F24 /* main.m */,
			);
			path = FBProgressHUD;
			sourceTree = "<group>";
		};
		22342E2D20ECCAB300CA7F24 /* FBProgressHUDTests */ = {
			isa = PBXGroup;
			children = (
				22342E2E20ECCAB300CA7F24 /* FBProgressHUDTests.m */,
				22342E3020ECCAB300CA7F24 /* Info.plist */,
			);
			path = FBProgressHUDTests;
			sourceTree = "<group>";
		};
		22342E3820ECCAB300CA7F24 /* FBProgressHUDUITests */ = {
			isa = PBXGroup;
			children = (
				22342E3920ECCAB300CA7F24 /* FBProgressHUDUITests.m */,
				22342E3B20ECCAB300CA7F24 /* Info.plist */,
			);
			path = FBProgressHUDUITests;
			sourceTree = "<group>";
		};
/* End PBXGroup section */

/* Begin PBXNativeTarget section */
		22342E1120ECCAAE00CA7F24 /* FBProgressHUD */ = {
			isa = PBXNativeTarget;
			buildConfigurationList = 22342E3E20ECCAB300CA7F24 /* Build configuration list for PBXNativeTarget "FBProgressHUD" */;
			buildPhases = (
				22342E0E20ECCAAE00CA7F24 /* Sources */,
				22342E0F20ECCAAE00CA7F24 /* Frameworks */,
				22342E1020ECCAAE00CA7F24 /* Resources */,
			);
			buildRules = (
			);
			dependencies = (
			);
			name = FBProgressHUD;
			productName = FBProgressHUD;
			productReference = 22342E1220ECCAAE00CA7F24 /* FBProgressHUD.app */;
			productType = "com.apple.product-type.application";
		};
		22342E2920ECCAB300CA7F24 /* FBProgressHUDTests */ = {
			isa = PBXNativeTarget;
			buildConfigurationList = 22342E4120ECCAB300CA7F24 /* Build configuration list for PBXNativeTarget "FBProgressHUDTests" */;
			buildPhases = (
				22342E2620ECCAB300CA7F24 /* Sources */,
				22342E2720ECCAB300CA7F24 /* Frameworks */,
				22342E2820ECCAB300CA7F24 /* Resources */,
			);
			buildRules = (
			);
			dependencies = (
				22342E2C20ECCAB300CA7F24 /* PBXTargetDependency */,
			);
			name = FBProgressHUDTests;
			productName = FBProgressHUDTests;
			productReference = 22342E2A20ECCAB300CA7F24 /* FBProgressHUDTests.xctest */;
			productType = "com.apple.product-type.bundle.unit-test";
		};
		22342E3420ECCAB300CA7F24 /* FBProgressHUDUITests */ = {
			isa = PBXNativeTarget;
			buildConfigurationList = 22342E4420ECCAB300CA7F24 /* Build configuration list for PBXNativeTarget "FBProgressHUDUITests" */;
			buildPhases = (
				22342E3120ECCAB300CA7F24 /* Sources */,
				22342E3220ECCAB300CA7F24 /* Frameworks */,
				22342E3320ECCAB300CA7F24 /* Resources */,
			);
			buildRules = (
			);
			dependencies = (
				22342E3720ECCAB300CA7F24 /* PBXTargetDependency */,
			);
			name = FBProgressHUDUITests;
			productName = FBProgressHUDUITests;
			productReference = 22342E3520ECCAB300CA7F24 /* FBProgressHUDUITests.xctest */;
			productType = "com.apple.product-type.bundle.ui-testing";
		};
/* End PBXNativeTarget section */

/* Begin PBXProject section */
		22342E0A20ECCAAE00CA7F24 /* Project object */ = {
			isa = PBXProject;
			attributes = {
				LastUpgradeCheck = 0940;
				ORGANIZATIONNAME = MacOS;
				TargetAttributes = {
					22342E1120ECCAAE00CA7F24 = {
						CreatedOnToolsVersion = 9.4.1;
					};
					22342E2920ECCAB300CA7F24 = {
						CreatedOnToolsVersion = 9.4.1;
						TestTargetID = 22342E1120ECCAAE00CA7F24;
					};
					22342E3420ECCAB300CA7F24 = {
						CreatedOnToolsVersion = 9.4.1;
						TestTargetID = 22342E1120ECCAAE00CA7F24;
					};
				};
			};
			buildConfigurationList = 22342E0D20ECCAAE00CA7F24 /* Build configuration list for PBXProject "FBProgressHUD" */;
			compatibilityVersion = "Xcode 9.3";
			developmentRegion = en;
			hasScannedForEncodings = 0;
			knownRegions = (
				en,
				Base,
			);
			mainGroup = 22342E0920ECCAAE00CA7F24;
			productRefGroup = 22342E1320ECCAAE00CA7F24 /* Products */;
			projectDirPath = "";
			projectRoot = "";
			targets = (
				22342E1120ECCAAE00CA7F24 /* FBProgressHUD */,
				22342E2920ECCAB300CA7F24 /* FBProgressHUDTests */,
				22342E3420ECCAB300CA7F24 /* FBProgressHUDUITests */,
			);
		};
/* End PBXProject section */

/* Begin PBXResourcesBuildPhase section */
		22342E1020ECCAAE00CA7F24 /* Resources */ = {
			isa = PBXResourcesBuildPhase;
			buildActionMask = 2147483647;
			files = (
				22342E2220ECCAB200CA7F24 /* LaunchScreen.storyboard in Resources */,
				22342E1F20ECCAB200CA7F24 /* Assets.xcassets in Resources */,
				22342E1D20ECCAAE00CA7F24 /* Main.storyboard in Resources */,
			);
			runOnlyForDeploymentPostprocessing = 0;
		};
		22342E2820ECCAB300CA7F24 /* Resources */ = {
			isa = PBXResourcesBuildPhase;
			buildActionMask = 2147483647;
			files = (
			);
			runOnlyForDeploymentPostprocessing = 0;
		};
		22342E3320ECCAB300CA7F24 /* Resources */ = {
			isa = PBXResourcesBuildPhase;
			buildActionMask = 2147483647;
			files = (
			);
			runOnlyForDeploymentPostprocessing = 0;
		};
/* End PBXResourcesBuildPhase section */

/* Begin PBXSourcesBuildPhase section */
		22342E0E20ECCAAE00CA7F24 /* Sources */ = {
			isa = PBXSourcesBuildPhase;
			buildActionMask = 2147483647;
			files = (
				22342E4920ECCAD300CA7F24 /* FBProgressHUD.m in Sources */,
				22342E1A20ECCAAE00CA7F24 /* ViewController.m in Sources */,
				22342E2520ECCAB200CA7F24 /* main.m in Sources */,
				22342E1720ECCAAE00CA7F24 /* AppDelegate.m in Sources */,
			);
			runOnlyForDeploymentPostprocessing = 0;
		};
		22342E2620ECCAB300CA7F24 /* Sources */ = {
			isa = PBXSourcesBuildPhase;
			buildActionMask = 2147483647;
			files = (
				22342E2F20ECCAB300CA7F24 /* FBProgressHUDTests.m in Sources */,
			);
			runOnlyForDeploymentPostprocessing = 0;
		};
		22342E3120ECCAB300CA7F24 /* Sources */ = {
			isa = PBXSourcesBuildPhase;
			buildActionMask = 2147483647;
			files = (
				22342E3A20ECCAB300CA7F24 /* FBProgressHUDUITests.m in Sources */,
			);
			runOnlyForDeploymentPostprocessing = 0;
		};
/* End PBXSourcesBuildPhase section */

/* Begin PBXTargetDependency section */
		22342E2C20ECCAB300CA7F24 /* PBXTargetDependency */ = {
			isa = PBXTargetDependency;
			target = 22342E1120ECCAAE00CA7F24 /* FBProgressHUD */;
			targetProxy = 22342E2B20ECCAB300CA7F24 /* PBXContainerItemProxy */;
		};
		22342E3720ECCAB300CA7F24 /* PBXTargetDependency */ = {
			isa = PBXTargetDependency;
			target = 22342E1120ECCAAE00CA7F24 /* FBProgressHUD */;
			targetProxy = 22342E3620ECCAB300CA7F24 /* PBXContainerItemProxy */;
		};
/* End PBXTargetDependency section */

/* Begin PBXVariantGroup section */
		22342E1B20ECCAAE00CA7F24 /* Main.storyboard */ = {
			isa = PBXVariantGroup;
			children = (
				22342E1C20ECCAAE00CA7F24 /* Base */,
			);
			name = Main.storyboard;
			sourceTree = "<group>";
		};
		22342E2020ECCAB200CA7F24 /* LaunchScreen.storyboard */ = {
			isa = PBXVariantGroup;
			children = (
				22342E2120ECCAB200CA7F24 /* Base */,
			);
			name = LaunchScreen.storyboard;
			sourceTree = "<group>";
		};
/* End PBXVariantGroup section */

/* Begin XCBuildConfiguration section */
		22342E3C20ECCAB300CA7F24 /* Debug */ = {
			isa = XCBuildConfiguration;
			buildSettings = {
				ALWAYS_SEARCH_USER_PATHS = NO;
				CLANG_ANALYZER_NONNULL = YES;
				CLANG_ANALYZER_NUMBER_OBJECT_CONVERSION = YES_AGGRESSIVE;
				CLANG_CXX_LANGUAGE_STANDARD = "gnu++14";
				CLANG_CXX_LIBRARY = "libc++";
				CLANG_ENABLE_MODULES = YES;
				CLANG_ENABLE_OBJC_ARC = YES;
				CLANG_ENABLE_OBJC_WEAK = YES;
				CLANG_WARN_BLOCK_CAPTURE_AUTORELEASING = YES;
				CLANG_WARN_BOOL_CONVERSION = YES;
				CLANG_WARN_COMMA = YES;
				CLANG_WARN_CONSTANT_CONVERSION = YES;
				CLANG_WARN_DEPRECATED_OBJC_IMPLEMENTATIONS = YES;
				CLANG_WARN_DIRECT_OBJC_ISA_USAGE = YES_ERROR;
				CLANG_WARN_DOCUMENTATION_COMMENTS = YES;
				CLANG_WARN_EMPTY_BODY = YES;
				CLANG_WARN_ENUM_CONVERSION = YES;
				CLANG_WARN_INFINITE_RECURSION = YES;
				CLANG_WARN_INT_CONVERSION = YES;
				CLANG_WARN_NON_LITERAL_NULL_CONVERSION = YES;
				CLANG_WARN_OBJC_IMPLICIT_RETAIN_SELF = YES;
				CLANG_WARN_OBJC_LITERAL_CONVERSION = YES;
				CLANG_WARN_OBJC_ROOT_CLASS = YES_ERROR;
				CLANG_WARN_RANGE_LOOP_ANALYSIS = YES;
				CLANG_WARN_STRICT_PROTOTYPES = YES;
				CLANG_WARN_SUSPICIOUS_MOVE = YES;
				CLANG_WARN_UNGUARDED_AVAILABILITY = YES_AGGRESSIVE;
				CLANG_WARN_UNREACHABLE_CODE = YES;
				CLANG_WARN__DUPLICATE_METHOD_MATCH = YES;
				CODE_SIGN_IDENTITY = "iPhone Developer";
				COPY_PHASE_STRIP = NO;
				DEBUG_INFORMATION_FORMAT = dwarf;
				ENABLE_STRICT_OBJC_MSGSEND = YES;
				ENABLE_TESTABILITY = YES;
				GCC_C_LANGUAGE_STANDARD = gnu11;
				GCC_DYNAMIC_NO_PIC = NO;
				GCC_NO_COMMON_BLOCKS = YES;
				GCC_OPTIMIZATION_LEVEL = 0;
				GCC_PREPROCESSOR_DEFINITIONS = (
					"DEBUG=1",
					"$(inherited)",
				);
				GCC_WARN_64_TO_32_BIT_CONVERSION = YES;
				GCC_WARN_ABOUT_RETURN_TYPE = YES_ERROR;
				GCC_WARN_UNDECLARED_SELECTOR = YES;
				GCC_WARN_UNINITIALIZED_AUTOS = YES_AGGRESSIVE;
				GCC_WARN_UNUSED_FUNCTION = YES;
				GCC_WARN_UNUSED_VARIABLE = YES;
				IPHONEOS_DEPLOYMENT_TARGET = 11.4;
				MTL_ENABLE_DEBUG_INFO = YES;
				ONLY_ACTIVE_ARCH = YES;
				SDKROOT = iphoneos;
			};
			name = Debug;
		};
		22342E3D20ECCAB300CA7F24 /* Release */ = {
			isa = XCBuildConfiguration;
			buildSettings = {
				ALWAYS_SEARCH_USER_PATHS = NO;
				CLANG_ANALYZER_NONNULL = YES;
				CLANG_ANALYZER_NUMBER_OBJECT_CONVERSION = YES_AGGRESSIVE;
				CLANG_CXX_LANGUAGE_STANDARD = "gnu++14";
				CLANG_CXX_LIBRARY = "libc++";
				CLANG_ENABLE_MODULES = YES;
				CLANG_ENABLE_OBJC_ARC = YES;
				CLANG_ENABLE_OBJC_WEAK = YES;
				CLANG_WARN_BLOCK_CAPTURE_AUTORELEASING = YES;
				CLANG_WARN_BOOL_CONVERSION = YES;
				CLANG_WARN_COMMA = YES;
				CLANG_WARN_CONSTANT_CONVERSION = YES;
				CLANG_WARN_DEPRECATED_OBJC_IMPLEMENTATIONS = YES;
				CLANG_WARN_DIRECT_OBJC_ISA_USAGE = YES_ERROR;
				CLANG_WARN_DOCUMENTATION_COMMENTS = YES;
				CLANG_WARN_EMPTY_BODY = YES;
				CLANG_WARN_ENUM_CONVERSION = YES;
				CLANG_WARN_INFINITE_RECURSION = YES;
				CLANG_WARN_INT_CONVERSION = YES;
				CLANG_WARN_NON_LITERAL_NULL_CONVERSION = YES;
				CLANG_WARN_OBJC_IMPLICIT_RETAIN_SELF = YES;
				CLANG_WARN_OBJC_LITERAL_CONVERSION = YES;
				CLANG_WARN_OBJC_ROOT_CLASS = YES_ERROR;
				CLANG_WARN_RANGE_LOOP_ANALYSIS = YES;
				CLANG_WARN_STRICT_PROTOTYPES = YES;
				CLANG_WARN_SUSPICIOUS_MOVE = YES;
				CLANG_WARN_UNGUARDED_AVAILABILITY = YES_AGGRESSIVE;
				CLANG_WARN_UNREACHABLE_CODE = YES;
				CLANG_WARN__DUPLICATE_METHOD_MATCH = YES;
				CODE_SIGN_IDENTITY = "iPhone Developer";
				COPY_PHASE_STRIP = NO;
				DEBUG_INFORMATION_FORMAT = "dwarf-with-dsym";
				ENABLE_NS_ASSERTIONS = NO;
				ENABLE_STRICT_OBJC_MSGSEND = YES;
				GCC_C_LANGUAGE_STANDARD = gnu11;
				GCC_NO_COMMON_BLOCKS = YES;
				GCC_WARN_64_TO_32_BIT_CONVERSION = YES;
				GCC_WARN_ABOUT_RETURN_TYPE = YES_ERROR;
				GCC_WARN_UNDECLARED_SELECTOR = YES;
				GCC_WARN_UNINITIALIZED_AUTOS = YES_AGGRESSIVE;
				GCC_WARN_UNUSED_FUNCTION = YES;
				GCC_WARN_UNUSED_VARIABLE = YES;
				IPHONEOS_DEPLOYMENT_TARGET = 11.4;
				MTL_ENABLE_DEBUG_INFO = NO;
				SDKROOT = iphoneos;
				VALIDATE_PRODUCT = YES;
			};
			name = Release;
		};
		22342E3F20ECCAB300CA7F24 /* Debug */ = {
			isa = XCBuildConfiguration;
			buildSettings = {
				ASSETCATALOG_COMPILER_APPICON_NAME = AppIcon;
				CODE_SIGN_STYLE = Automatic;
				DEVELOPMENT_TEAM = AZWK98U2MN;
				INFOPLIST_FILE = FBProgressHUD/Info.plist;
				LD_RUNPATH_SEARCH_PATHS = (
					"$(inherited)",
					"@executable_path/Frameworks",
				);
				PRODUCT_BUNDLE_IDENTIFIER = www.feibaichen.FBProgressHUD;
				PRODUCT_NAME = "$(TARGET_NAME)";
				TARGETED_DEVICE_FAMILY = "1,2";
			};
			name = Debug;
		};
		22342E4020ECCAB300CA7F24 /* Release */ = {
			isa = XCBuildConfiguration;
			buildSettings = {
				ASSETCATALOG_COMPILER_APPICON_NAME = AppIcon;
				CODE_SIGN_STYLE = Automatic;
				DEVELOPMENT_TEAM = AZWK98U2MN;
				INFOPLIST_FILE = FBProgressHUD/Info.plist;
				LD_RUNPATH_SEARCH_PATHS = (
					"$(inherited)",
					"@executable_path/Frameworks",
				);
				PRODUCT_BUNDLE_IDENTIFIER = www.feibaichen.FBProgressHUD;
				PRODUCT_NAME = "$(TARGET_NAME)";
				TARGETED_DEVICE_FAMILY = "1,2";
			};
			name = Release;
		};
		22342E4220ECCAB300CA7F24 /* Debug */ = {
			isa = XCBuildConfiguration;
			buildSettings = {
				BUNDLE_LOADER = "$(TEST_HOST)";
				CODE_SIGN_STYLE = Automatic;
				DEVELOPMENT_TEAM = AZWK98U2MN;
				INFOPLIST_FILE = FBProgressHUDTests/Info.plist;
				LD_RUNPATH_SEARCH_PATHS = (
					"$(inherited)",
					"@executable_path/Frameworks",
					"@loader_path/Frameworks",
				);
				PRODUCT_BUNDLE_IDENTIFIER = www.feibaichen.FBProgressHUDTests;
				PRODUCT_NAME = "$(TARGET_NAME)";
				TARGETED_DEVICE_FAMILY = "1,2";
				TEST_HOST = "$(BUILT_PRODUCTS_DIR)/FBProgressHUD.app/FBProgressHUD";
			};
			name = Debug;
		};
		22342E4320ECCAB300CA7F24 /* Release */ = {
			isa = XCBuildConfiguration;
			buildSettings = {
				BUNDLE_LOADER = "$(TEST_HOST)";
				CODE_SIGN_STYLE = Automatic;
				DEVELOPMENT_TEAM = AZWK98U2MN;
				INFOPLIST_FILE = FBProgressHUDTests/Info.plist;
				LD_RUNPATH_SEARCH_PATHS = (
					"$(inherited)",
					"@executable_path/Frameworks",
					"@loader_path/Frameworks",
				);
				PRODUCT_BUNDLE_IDENTIFIER = www.feibaichen.FBProgressHUDTests;
				PRODUCT_NAME = "$(TARGET_NAME)";
				TARGETED_DEVICE_FAMILY = "1,2";
				TEST_HOST = "$(BUILT_PRODUCTS_DIR)/FBProgressHUD.app/FBProgressHUD";
			};
			name = Release;
		};
		22342E4520ECCAB300CA7F24 /* Debug */ = {
			isa = XCBuildConfiguration;
			buildSettings = {
				CODE_SIGN_STYLE = Automatic;
				DEVELOPMENT_TEAM = AZWK98U2MN;
				INFOPLIST_FILE = FBProgressHUDUITests/Info.plist;
				LD_RUNPATH_SEARCH_PATHS = (
					"$(inherited)",
					"@executable_path/Frameworks",
					"@loader_path/Frameworks",
				);
				PRODUCT_BUNDLE_IDENTIFIER = www.feibaichen.FBProgressHUDUITests;
				PRODUCT_NAME = "$(TARGET_NAME)";
				TARGETED_DEVICE_FAMILY = "1,2";
				TEST_TARGET_NAME = FBProgressHUD;
			};
			name = Debug;
		};
		22342E4620ECCAB300CA7F24 /* Release */ = {
			isa = XCBuildConfiguration;
			buildSettings = {
				CODE_SIGN_STYLE = Automatic;
				DEVELOPMENT_TEAM = AZWK98U2MN;
				INFOPLIST_FILE = FBProgressHUDUITests/Info.plist;
				LD_RUNPATH_SEARCH_PATHS = (
					"$(inherited)",
					"@executable_path/Frameworks",
					"@loader_path/Frameworks",
				);
				PRODUCT_BUNDLE_IDENTIFIER = www.feibaichen.FBProgressHUDUITests;
				PRODUCT_NAME = "$(TARGET_NAME)";
				TARGETED_DEVICE_FAMILY = "1,2";
				TEST_TARGET_NAME = FBProgressHUD;
			};
			name = Release;
		};
/* End XCBuildConfiguration section */

/* Begin XCConfigurationList section */
		22342E0D20ECCAAE00CA7F24 /* Build configuration list for PBXProject "FBProgressHUD" */ = {
			isa = XCConfigurationList;
			buildConfigurations = (
				22342E3C20ECCAB300CA7F24 /* Debug */,
				22342E3D20ECCAB300CA7F24 /* Release */,
			);
			defaultConfigurationIsVisible = 0;
			defaultConfigurationName = Release;
		};
		22342E3E20ECCAB300CA7F24 /* Build configuration list for PBXNativeTarget "FBProgressHUD" */ = {
			isa = XCConfigurationList;
			buildConfigurations = (
				22342E3F20ECCAB300CA7F24 /* Debug */,
				22342E4020ECCAB300CA7F24 /* Release */,
			);
			defaultConfigurationIsVisible = 0;
			defaultConfigurationName = Release;
		};
		22342E4120ECCAB300CA7F24 /* Build configuration list for PBXNativeTarget "FBProgressHUDTests" */ = {
			isa = XCConfigurationList;
			buildConfigurations = (
				22342E4220ECCAB300CA7F24 /* Debug */,
				22342E4320ECCAB300CA7F24 /* Release */,
			);
			defaultConfigurationIsVisible = 0;
			defaultConfigurationName = Release;
		};
		22342E4420ECCAB300CA7F24 /* Build configuration list for PBXNativeTarget "FBProgressHUDUITests" */ = {
			isa = XCConfigurationList;
			buildConfigurations = (
				22342E4520ECCAB300CA7F24 /* Debug */,
				22342E4620ECCAB300CA7F24 /* Release */,
			);
			defaultConfigurationIsVisible = 0;
			defaultConfigurationName = Release;
		};
/* End XCConfigurationList section */
	};
	rootObject = 22342E0A20ECCAAE00CA7F24 /* Project object */;
}
